{
  "nodes": {
    "antigravity": {
      "inputs": {
        "flake-utils": "flake-utils",
        "nixpkgs": [
          "nixpkgs"
        ]
      },
      "locked": {
        "lastModified": 1768422311,
        "narHash": "sha256-91sJfFjQC999KOkMCGEcfk9GyQ8Ve9MzN27kKsoiORw=",
        "owner": "jacopone",
        "repo": "antigravity-nix",
        "rev": "5a12fae3b38571188abac90452bdb28e3b3a8623",
        "type": "github"
      },
      "original": {
        "owner": "jacopone",
        "repo": "antigravity-nix",
        "type": "github"
      }
    },
    "blueprint": {
      "inputs": {
        "nixpkgs": [
          "llm-agents",
          "nixpkgs"
        ],
        "systems": "systems_2"
      },
      "locked": {
        "lastModified": 1767386128,
        "narHash": "sha256-BJDu7dIMauO2nYRSL4aI8wDNtEm2KOb7lDKP3hxdrpo=",
        "owner": "numtide",
        "repo": "blueprint",
        "rev": "0ed984d51a3031065925ab08812a5434f40b93d4",
        "type": "github"
      },
      "original": {
        "owner": "numtide",
        "repo": "blueprint",
        "type": "github"
      }
    },
    "codex": {
      "inputs": {
        "nixpkgs": [
          "nixpkgs"
        ]
      },
      "locked": {
        "lastModified": 1768823798,
        "narHash": "sha256-QZKWUqD1yKxkY+nxnHYJSoDdMk8inEmF9PnhG2W/7Co=",
        "owner": "openai",
        "repo": "codex",
        "rev": "3c28c85063c3cbdf90ab590cddc81c322d709adb",
        "type": "github"
      },
      "original": {
        "owner": "openai",
        "repo": "codex",
        "type": "github"
      }
    },
    "flake-utils": {
      "inputs": {
        "systems": "systems"
      },
      "locked": {
        "lastModified": 1731533236,
        "narHash": "sha256-l0KFg5HjrsfsO/JpG+r7fRrqm12kzFHyUHqHCVpMMbI=",
        "owner": "numtide",
        "repo": "flake-utils",
        "rev": "11707dc2f618dd54ca8739b309ec4fc024de578b",
        "type": "github"
      },
      "original": {
        "owner": "numtide",
        "repo": "flake-utils",
        "type": "github"
      }
    },
    "home-manager": {
      "inputs": {
        "nixpkgs": [
          "nixpkgs"
        ]
      },
      "locked": {
        "lastModified": 1768603898,
        "narHash": "sha256-vRV1dWJOCpCal3PRr86wE2WTOMfAhTu6G7bSvOsryUo=",
        "owner": "nix-community",
        "repo": "home-manager",
        "rev": "2a63d0e9d2c72ac4d4150ebb242cf8d86f488c8c",
        "type": "github"
      },
      "original": {
        "owner": "nix-community",
        "ref": "release-25.11",
        "repo": "home-manager",
        "type": "github"
      }
    },
    "llm-agents": {
      "inputs": {
        "blueprint": "blueprint",
        "nixpkgs": [
          "nixpkgs"
        ],
        "treefmt-nix": "treefmt-nix"
      },
      "locked": {
        "lastModified": 1768832606,
        "narHash": "sha256-xA+JNc9H4cEeP+IOqN+nt+Dw0G3n7NN0ERL3PA5/los=",
        "owner": "numtide",
        "repo": "llm-agents.nix",
        "rev": "ae9c2101f0a7e85ee68721e93b85eb82fbb97ba4",
        "type": "github"
      },
      "original": {
        "owner": "numtide",
        "repo": "llm-agents.nix",
        "type": "github"
      }
    },
    "nixos-hardware": {
      "locked": {
        "lastModified": 1768736227,
        "narHash": "sha256-qgGq7CfrYKc3IBYQ7qp0Z/ZXndQVC5Bj0N8HW9mS2rM=",
        "owner": "nixos",
        "repo": "nixos-hardware",
        "rev": "d447553bcbc6a178618d37e61648b19e744370df",
        "type": "github"
      },
      "original": {
        "owner": "nixos",
        "repo": "nixos-hardware",
        "type": "github"
      }
    },
    "nixpkgs": {
      "locked": {
        "lastModified": 1768621446,
        "narHash": "sha256-6YwHV1cjv6arXdF/PQc365h1j+Qje3Pydk501Rm4Q+4=",
        "owner": "nixos",
        "repo": "nixpkgs",
        "rev": "72ac591e737060deab2b86d6952babd1f896d7c5",
        "type": "github"
      },
      "original": {
        "owner": "nixos",
        "ref": "nixos-25.11",
        "repo": "nixpkgs",
        "type": "github"
      }
    },
    "p7-borders": {
      "inputs": {
        "nixpkgs": [
          "nixpkgs"
        ]
      },
      "locked": {
        "lastModified": 1768728460,
        "narHash": "sha256-4n/0IkwPv7iItyFgeo8j11eo64oANcPJpXV9/5NVe28=",
        "owner": "prasannavl",
        "repo": "p7-borders-shell-extension",
        "rev": "f934243a3d0d00a1cf0adc5ad05aeb0966e26ae4",
        "type": "github"
      },
      "original": {
        "owner": "prasannavl",
        "repo": "p7-borders-shell-extension",
        "type": "github"
      }
    },
    "p7-cmds": {
      "inputs": {
        "nixpkgs": [
          "nixpkgs"
        ]
      },
      "locked": {
        "lastModified": 1768728679,
        "narHash": "sha256-ZIc2Povs00w8a/1Vmw+j0dBkurNFkHQ9osL53HFsi5k=",
        "owner": "prasannavl",
        "repo": "p7-cmds-shell-extension",
        "rev": "3898d86b8a5c3f0d54c61a53297ce0434edcc51f",
        "type": "github"
      },
      "original": {
        "owner": "prasannavl",
        "repo": "p7-cmds-shell-extension",
        "type": "github"
      }
    },
    "root": {
      "inputs": {
        "antigravity": "antigravity",
        "codex": "codex",
        "home-manager": "home-manager",
        "llm-agents": "llm-agents",
        "nixos-hardware": "nixos-hardware",
        "nixpkgs": "nixpkgs",
        "p7-borders": "p7-borders",
        "p7-cmds": "p7-cmds",
        "unstable": "unstable",
        "vscode-ext": "vscode-ext"
      }
    },
    "systems": {
      "locked": {
        "lastModified": 1681028828,
        "narHash": "sha256-Vy1rq5AaRuLzOxct8nz4T6wlgyUR7zLU309k9mBC768=",
        "owner": "nix-systems",
        "repo": "default",
        "rev": "da67096a3b9bf56a91d16901293e51ba5b49a27e",
        "type": "github"
      },
      "original": {
        "owner": "nix-systems",
        "repo": "default",
        "type": "github"
      }
    },
    "systems_2": {
      "locked": {
        "lastModified": 1681028828,
        "narHash": "sha256-Vy1rq5AaRuLzOxct8nz4T6wlgyUR7zLU309k9mBC768=",
        "owner": "nix-systems",
        "repo": "default",
        "rev": "da67096a3b9bf56a91d16901293e51ba5b49a27e",
        "type": "github"
      },
      "original": {
        "owner": "nix-systems",
        "repo": "default",
        "type": "github"
      }
    },
    "treefmt-nix": {
      "inputs": {
        "nixpkgs": [
          "llm-agents",
          "nixpkgs"
        ]
      },
      "locked": {
        "lastModified": 1768158989,
        "narHash": "sha256-67vyT1+xClLldnumAzCTBvU0jLZ1YBcf4vANRWP3+Ak=",
        "owner": "numtide",
        "repo": "treefmt-nix",
        "rev": "e96d59dff5c0d7fddb9d113ba108f03c3ef99eca",
        "type": "github"
      },
      "original": {
        "owner": "numtide",
        "repo": "treefmt-nix",
        "type": "github"
      }
    },
    "unstable": {
      "locked": {
        "lastModified": 1768564909,
        "narHash": "sha256-Kell/SpJYVkHWMvnhqJz/8DqQg2b6PguxVWOuadbHCc=",
        "owner": "nixos",
        "repo": "nixpkgs",
        "rev": "e4bae1bd10c9c57b2cf517953ab70060a828ee6f",
        "type": "github"
      },
      "original": {
        "owner": "nixos",
        "ref": "nixos-unstable",
        "repo": "nixpkgs",
        "type": "github"
      }
    },
    "vscode-ext": {
      "inputs": {
        "nixpkgs": [
          "nixpkgs"
        ]
      },
      "locked": {
        "lastModified": 1768789193,
        "narHash": "sha256-EWIj+tZSvbi3e43tBwc6xvNwEWEVwPQkuGim2tvxP/E=",
        "owner": "nix-community",
        "repo": "nix-vscode-extensions",
        "rev": "7e5664fa1e2051630b5e9e976cfd462f21a94abb",
        "type": "github"
      },
      "original": {
        "owner": "nix-community",
        "repo": "nix-vscode-extensions",
        "type": "github"
      }
    }
  },
  "root": "root",
  "version": 7
}
